// !$*UTF8*$!
{
	archiveVersion = 1;
	classes = {
	};
	objectVersion = 46;
	objects = {

/* Begin PBXBuildFile section */
		374A85A71F1D3CD3005D2849 /* ImageStripe.swift in Sources */ = {isa = PBXBuildFile; fileRef = 374A85A61F1D3CD3005D2849 /* ImageStripe.swift */; };
		3753FCDC1F3CE5BF0031C0AD /* ImageDivider.swift in Sources */ = {isa = PBXBuildFile; fileRef = 3753FCDB1F3CE5BF0031C0AD /* ImageDivider.swift */; };
		3753FCDE1F3CE7810031C0AD /* ImageStripeDivider.swift in Sources */ = {isa = PBXBuildFile; fileRef = 3753FCDD1F3CE7810031C0AD /* ImageStripeDivider.swift */; };
		37B43E761F27DA8900B34FE9 /* TranslationAnimator.swift in Sources */ = {isa = PBXBuildFile; fileRef = 37B43E751F27DA8900B34FE9 /* TranslationAnimator.swift */; };
		37B4936E1F1E95E1002450E3 /* Animator.swift in Sources */ = {isa = PBXBuildFile; fileRef = 37B4936D1F1E95E1002450E3 /* Animator.swift */; };
		37C590851F2132AD00C02D02 /* FadeAnimator.swift in Sources */ = {isa = PBXBuildFile; fileRef = 37C590841F2132AD00C02D02 /* FadeAnimator.swift */; };
		37E54F4E1F1A20CC0004C346 /* AppDelegate.swift in Sources */ = {isa = PBXBuildFile; fileRef = 37E54F4D1F1A20CC0004C346 /* AppDelegate.swift */; };
		37E54F501F1A20CC0004C346 /* DemoViewController.swift in Sources */ = {isa = PBXBuildFile; fileRef = 37E54F4F1F1A20CC0004C346 /* DemoViewController.swift */; };
		37E54F531F1A20CC0004C346 /* Main.storyboard in Resources */ = {isa = PBXBuildFile; fileRef = 37E54F511F1A20CC0004C346 /* Main.storyboard */; };
		37E54F551F1A20CC0004C346 /* Assets.xcassets in Resources */ = {isa = PBXBuildFile; fileRef = 37E54F541F1A20CC0004C346 /* Assets.xcassets */; };
		37E54F581F1A20CC0004C346 /* LaunchScreen.storyboard in Resources */ = {isa = PBXBuildFile; fileRef = 37E54F561F1A20CC0004C346 /* LaunchScreen.storyboard */; };
		37E54F601F1A21AA0004C346 /* SlicingImage.swift in Sources */ = {isa = PBXBuildFile; fileRef = 37E54F5F1F1A21AA0004C346 /* SlicingImage.swift */; };
/* End PBXBuildFile section */

/* Begin PBXFileReference section */
		374A85A61F1D3CD3005D2849 /* ImageStripe.swift */ = {isa = PBXFileReference; fileEncoding = 4; lastKnownFileType = sourcecode.swift; path = ImageStripe.swift; sourceTree = "<group>"; };
		3753FCDB1F3CE5BF0031C0AD /* ImageDivider.swift */ = {isa = PBXFileReference; fileEncoding = 4; lastKnownFileType = sourcecode.swift; path = ImageDivider.swift; sourceTree = "<group>"; };
		3753FCDD1F3CE7810031C0AD /* ImageStripeDivider.swift */ = {isa = PBXFileReference; fileEncoding = 4; lastKnownFileType = sourcecode.swift; path = ImageStripeDivider.swift; sourceTree = "<group>"; };
		37B43E751F27DA8900B34FE9 /* TranslationAnimator.swift */ = {isa = PBXFileReference; fileEncoding = 4; lastKnownFileType = sourcecode.swift; path = TranslationAnimator.swift; sourceTree = "<group>"; };
		37B4936D1F1E95E1002450E3 /* Animator.swift */ = {isa = PBXFileReference; fileEncoding = 4; lastKnownFileType = sourcecode.swift; path = Animator.swift; sourceTree = "<group>"; };
		37C590841F2132AD00C02D02 /* FadeAnimator.swift */ = {isa = PBXFileReference; fileEncoding = 4; lastKnownFileType = sourcecode.swift; path = FadeAnimator.swift; sourceTree = "<group>"; };
		37E54F4A1F1A20CC0004C346 /* SlicingImage.app */ = {isa = PBXFileReference; explicitFileType = wrapper.application; includeInIndex = 0; path = SlicingImage.app; sourceTree = BUILT_PRODUCTS_DIR; };
		37E54F4D1F1A20CC0004C346 /* AppDelegate.swift */ = {isa = PBXFileReference; lastKnownFileType = sourcecode.swift; path = AppDelegate.swift; sourceTree = "<group>"; };
		37E54F4F1F1A20CC0004C346 /* DemoViewController.swift */ = {isa = PBXFileReference; lastKnownFileType = sourcecode.swift; path = DemoViewController.swift; sourceTree = "<group>"; };
		37E54F521F1A20CC0004C346 /* Base */ = {isa = PBXFileReference; lastKnownFileType = file.storyboard; name = Base; path = Base.lproj/Main.storyboard; sourceTree = "<group>"; };
		37E54F541F1A20CC0004C346 /* Assets.xcassets */ = {isa = PBXFileReference; lastKnownFileType = folder.assetcatalog; path = Assets.xcassets; sourceTree = "<group>"; };
		37E54F571F1A20CC0004C346 /* Base */ = {isa = PBXFileReference; lastKnownFileType = file.storyboard; name = Base; path = Base.lproj/LaunchScreen.storyboard; sourceTree = "<group>"; };
		37E54F591F1A20CC0004C346 /* Info.plist */ = {isa = PBXFileReference; lastKnownFileType = text.plist.xml; path = Info.plist; sourceTree = "<group>"; };
		37E54F5F1F1A21AA0004C346 /* SlicingImage.swift */ = {isa = PBXFileReference; fileEncoding = 4; lastKnownFileType = sourcecode.swift; path = SlicingImage.swift; sourceTree = "<group>"; };
/* End PBXFileReference section */

/* Begin PBXFrameworksBuildPhase section */
		37E54F471F1A20CC0004C346 /* Frameworks */ = {
			isa = PBXFrameworksBuildPhase;
			buildActionMask = 2147483647;
			files = (
			);
			runOnlyForDeploymentPostprocessing = 0;
		};
/* End PBXFrameworksBuildPhase section */

/* Begin PBXGroup section */
		3753FCDF1F3CE7D10031C0AD /* ImageDivider */ = {
			isa = PBXGroup;
			children = (
				3753FCDB1F3CE5BF0031C0AD /* ImageDivider.swift */,
				3753FCDD1F3CE7810031C0AD /* ImageStripeDivider.swift */,
			);
			name = ImageDivider;
			sourceTree = "<group>";
		};
		3753FCE01F3CE7D90031C0AD /* Animator */ = {
			isa = PBXGroup;
			children = (
				37B4936D1F1E95E1002450E3 /* Animator.swift */,
				37C590841F2132AD00C02D02 /* FadeAnimator.swift */,
				37B43E751F27DA8900B34FE9 /* TranslationAnimator.swift */,
			);
			name = Animator;
			sourceTree = "<group>";
		};
		37E54F411F1A20CC0004C346 = {
			isa = PBXGroup;
			children = (
				37E54F4C1F1A20CC0004C346 /* SlicingImage */,
				37E54F4B1F1A20CC0004C346 /* Products */,
			);
			sourceTree = "<group>";
		};
		37E54F4B1F1A20CC0004C346 /* Products */ = {
			isa = PBXGroup;
			children = (
				37E54F4A1F1A20CC0004C346 /* SlicingImage.app */,
			);
			name = Products;
			sourceTree = "<group>";
		};
		37E54F4C1F1A20CC0004C346 /* SlicingImage */ = {
			isa = PBXGroup;
			children = (
				37E54F4D1F1A20CC0004C346 /* AppDelegate.swift */,
				37E54F4F1F1A20CC0004C346 /* DemoViewController.swift */,
				37E54F5F1F1A21AA0004C346 /* SlicingImage.swift */,
				374A85A61F1D3CD3005D2849 /* ImageStripe.swift */,
				3753FCDF1F3CE7D10031C0AD /* ImageDivider */,
				3753FCE01F3CE7D90031C0AD /* Animator */,
				37E54F511F1A20CC0004C346 /* Main.storyboard */,
				37E54F541F1A20CC0004C346 /* Assets.xcassets */,
				37E54F561F1A20CC0004C346 /* LaunchScreen.storyboard */,
				37E54F591F1A20CC0004C346 /* Info.plist */,
			);
			path = SlicingImage;
			sourceTree = "<group>";
		};
/* End PBXGroup section */

/* Begin PBXNativeTarget section */
		37E54F491F1A20CC0004C346 /* SlicingImage */ = {
			isa = PBXNativeTarget;
			buildConfigurationList = 37E54F5C1F1A20CC0004C346 /* Build configuration list for PBXNativeTarget "SlicingImage" */;
			buildPhases = (
				37E54F461F1A20CC0004C346 /* Sources */,
				37E54F471F1A20CC0004C346 /* Frameworks */,
				37E54F481F1A20CC0004C346 /* Resources */,
			);
			buildRules = (
			);
			dependencies = (
			);
			name = SlicingImage;
			productName = SlicingImage;
			productReference = 37E54F4A1F1A20CC0004C346 /* SlicingImage.app */;
			productType = "com.apple.product-type.application";
		};
/* End PBXNativeTarget section */

/* Begin PBXProject section */
		37E54F421F1A20CC0004C346 /* Project object */ = {
			isa = PBXProject;
			attributes = {
				LastSwiftUpdateCheck = 0830;
				LastUpgradeCheck = 0830;
				ORGANIZATIONNAME = "Hani Ibrahim";
				TargetAttributes = {
					37E54F491F1A20CC0004C346 = {
						CreatedOnToolsVersion = 8.3.3;
						DevelopmentTeam = 633RW9M928;
						ProvisioningStyle = Automatic;
					};
				};
			};
			buildConfigurationList = 37E54F451F1A20CC0004C346 /* Build configuration list for PBXProject "SlicingImage" */;
			compatibilityVersion = "Xcode 3.2";
			developmentRegion = English;
			hasScannedForEncodings = 0;
			knownRegions = (
				en,
				Base,
			);
			mainGroup = 37E54F411F1A20CC0004C346;
			productRefGroup = 37E54F4B1F1A20CC0004C346 /* Products */;
			projectDirPath = "";
			projectRoot = "";
			targets = (
				37E54F491F1A20CC0004C346 /* SlicingImage */,
			);
		};
/* End PBXProject section */

/* Begin PBXResourcesBuildPhase section */
		37E54F481F1A20CC0004C346 /* Resources */ = {
			isa = PBXResourcesBuildPhase;
			buildActionMask = 2147483647;
			files = (
				37E54F581F1A20CC0004C346 /* LaunchScreen.storyboard in Resources */,
				37E54F551F1A20CC0004C346 /* Assets.xcassets in Resources */,
				37E54F531F1A20CC0004C346 /* Main.storyboard in Resources */,
			);
			runOnlyForDeploymentPostprocessing = 0;
		};
/* End PBXResourcesBuildPhase section */

/* Begin PBXSourcesBuildPhase section */
		37E54F461F1A20CC0004C346 /* Sources */ = {
			isa = PBXSourcesBuildPhase;
			buildActionMask = 2147483647;
			files = (
				37B4936E1F1E95E1002450E3 /* Animator.swift in Sources */,
				37E54F501F1A20CC0004C346 /* DemoViewController.swift in Sources */,
				3753FCDE1F3CE7810031C0AD /* ImageStripeDivider.swift in Sources */,
				37C590851F2132AD00C02D02 /* FadeAnimator.swift in Sources */,
				37E54F601F1A21AA0004C346 /* SlicingImage.swift in Sources */,
				37B43E761F27DA8900B34FE9 /* TranslationAnimator.swift in Sources */,
				374A85A71F1D3CD3005D2849 /* ImageStripe.swift in Sources */,
				37E54F4E1F1A20CC0004C346 /* AppDelegate.swift in Sources */,
				3753FCDC1F3CE5BF0031C0AD /* ImageDivider.swift in Sources */,
			);
			runOnlyForDeploymentPostprocessing = 0;
		};
/* End PBXSourcesBuildPhase section */

/* Begin PBXVariantGroup section */
		37E54F511F1A20CC0004C346 /* Main.storyboard */ = {
			isa = PBXVariantGroup;
			children = (
				37E54F521F1A20CC0004C346 /* Base */,
			);
			name = Main.storyboard;
			sourceTree = "<group>";
		};
		37E54F561F1A20CC0004C346 /* LaunchScreen.storyboard */ = {
			isa = PBXVariantGroup;
			children = (
				37E54F571F1A20CC0004C346 /* Base */,
			);
			name = LaunchScreen.storyboard;
			sourceTree = "<group>";
		};
/* End PBXVariantGroup section */

/* Begin XCBuildConfiguration section */
		37E54F5A1F1A20CC0004C346 /* Debug */ = {
			isa = XCBuildConfiguration;
			buildSettings = {
				ALWAYS_SEARCH_USER_PATHS = NO;
				CLANG_ANALYZER_NONNULL = YES;
				CLANG_ANALYZER_NUMBER_OBJECT_CONVERSION = YES_AGGRESSIVE;
				CLANG_CXX_LANGUAGE_STANDARD = "gnu++0x";
				CLANG_CXX_LIBRARY = "libc++";
				CLANG_ENABLE_MODULES = YES;
				CLANG_ENABLE_OBJC_ARC = YES;
				CLANG_WARN_BOOL_CONVERSION = YES;
				CLANG_WARN_CONSTANT_CONVERSION = YES;
				CLANG_WARN_DIRECT_OBJC_ISA_USAGE = YES_ERROR;
				CLANG_WARN_DOCUMENTATION_COMMENTS = YES;
				CLANG_WARN_EMPTY_BODY = YES;
				CLANG_WARN_ENUM_CONVERSION = YES;
				CLANG_WARN_INFINITE_RECURSION = YES;
				CLANG_WARN_INT_CONVERSION = YES;
				CLANG_WARN_OBJC_ROOT_CLASS = YES_ERROR;
				CLANG_WARN_SUSPICIOUS_MOVE = YES;
				CLANG_WARN_UNREACHABLE_CODE = YES;
				CLANG_WARN__DUPLICATE_METHOD_MATCH = YES;
				"CODE_SIGN_IDENTITY[sdk=iphoneos*]" = "iPhone Developer";
				COPY_PHASE_STRIP = NO;
				DEBUG_INFORMATION_FORMAT = dwarf;
				ENABLE_STRICT_OBJC_MSGSEND = YES;
				ENABLE_TESTABILITY = YES;
				GCC_C_LANGUAGE_STANDARD = gnu99;
				GCC_DYNAMIC_NO_PIC = NO;
				GCC_NO_COMMON_BLOCKS = YES;
				GCC_OPTIMIZATION_LEVEL = 0;
				GCC_PREPROCESSOR_DEFINITIONS = (
					"DEBUG=1",
					"$(inherited)",
				);
				GCC_WARN_64_TO_32_BIT_CONVERSION = YES;
				GCC_WARN_ABOUT_RETURN_TYPE = YES_ERROR;
				GCC_WARN_UNDECLARED_SELECTOR = YES;
				GCC_WARN_UNINITIALIZED_AUTOS = YES_AGGRESSIVE;
				GCC_WARN_UNUSED_FUNCTION = YES;
				GCC_WARN_UNUSED_VARIABLE = YES;
				IPHONEOS_DEPLOYMENT_TARGET = 10.3;
				MTL_ENABLE_DEBUG_INFO = YES;
				ONLY_ACTIVE_ARCH = YES;
				SDKROOT = iphoneos;
				SWIFT_ACTIVE_COMPILATION_CONDITIONS = DEBUG;
				SWIFT_OPTIMIZATION_LEVEL = "-Onone";
			};
			name = Debug;
		};
		37E54F5B1F1A20CC0004C346 /* Release */ = {
			isa = XCBuildConfiguration;
			buildSettings = {
				ALWAYS_SEARCH_USER_PATHS = NO;
				CLANG_ANALYZER_NONNULL = YES;
				CLANG_ANALYZER_NUMBER_OBJECT_CONVERSION = YES_AGGRESSIVE;
				CLANG_CXX_LANGUAGE_STANDARD = "gnu++0x";
				CLANG_CXX_LIBRARY = "libc++";
				CLANG_ENABLE_MODULES = YES;
				CLANG_ENABLE_OBJC_ARC = YES;
				CLANG_WARN_BOOL_CONVERSION = YES;
				CLANG_WARN_CONSTANT_CONVERSION = YES;
				CLANG_WARN_DIRECT_OBJC_ISA_USAGE = YES_ERROR;
				CLANG_WARN_DOCUMENTATION_COMMENTS = YES;
				CLANG_WARN_EMPTY_BODY = YES;
				CLANG_WARN_ENUM_CONVERSION = YES;
				CLANG_WARN_INFINITE_RECURSION = YES;
				CLANG_WARN_INT_CONVERSION = YES;
				CLANG_WARN_OBJC_ROOT_CLASS = YES_ERROR;
				CLANG_WARN_SUSPICIOUS_MOVE = YES;
				CLANG_WARN_UNREACHABLE_CODE = YES;
				CLANG_WARN__DUPLICATE_METHOD_MATCH = YES;
				"CODE_SIGN_IDENTITY[sdk=iphoneos*]" = "iPhone Developer";
				COPY_PHASE_STRIP = NO;
				DEBUG_INFORMATION_FORMAT = "dwarf-with-dsym";
				ENABLE_NS_ASSERTIONS = NO;
				ENABLE_STRICT_OBJC_MSGSEND = YES;
				GCC_C_LANGUAGE_STANDARD = gnu99;
				GCC_NO_COMMON_BLOCKS = YES;
				GCC_WARN_64_TO_32_BIT_CONVERSION = YES;
				GCC_WARN_ABOUT_RETURN_TYPE = YES_ERROR;
				GCC_WARN_UNDECLARED_SELECTOR = YES;
				GCC_WARN_UNINITIALIZED_AUTOS = YES_AGGRESSIVE;
				GCC_WARN_UNUSED_FUNCTION = YES;
				GCC_WARN_UNUSED_VARIABLE = YES;
				IPHONEOS_DEPLOYMENT_TARGET = 10.3;
				MTL_ENABLE_DEBUG_INFO = NO;
				SDKROOT = iphoneos;
				SWIFT_OPTIMIZATION_LEVEL = "-Owholemodule";
				VALIDATE_PRODUCT = YES;
			};
			name = Release;
		};
		37E54F5D1F1A20CC0004C346 /* Debug */ = {
			isa = XCBuildConfiguration;
			buildSettings = {
				ASSETCATALOG_COMPILER_APPICON_NAME = AppIcon;
				DEVELOPMENT_TEAM = 633RW9M928;
				INFOPLIST_FILE = SlicingImage/Info.plist;
				LD_RUNPATH_SEARCH_PATHS = "$(inherited) @executable_path/Frameworks";
				PRODUCT_BUNDLE_IDENTIFIER = com.hani.SlicingImage;
				PRODUCT_NAME = "$(TARGET_NAME)";
				SWIFT_VERSION = 3.0;
			};
			name = Debug;
		};
		37E54F5E1F1A20CC0004C346 /* Release */ = {
			isa = XCBuildConfiguration;
			buildSettings = {
				ASSETCATALOG_COMPILER_APPICON_NAME = AppIcon;
				DEVELOPMENT_TEAM = 633RW9M928;
				INFOPLIST_FILE = SlicingImage/Info.plist;
				LD_RUNPATH_SEARCH_PATHS = "$(inherited) @executable_path/Frameworks";
				PRODUCT_BUNDLE_IDENTIFIER = com.hani.SlicingImage;
				PRODUCT_NAME = "$(TARGET_NAME)";
				SWIFT_VERSION = 3.0;
			};
			name = Release;
		};
/* End XCBuildConfiguration section */

/* Begin XCConfigurationList section */
		37E54F451F1A20CC0004C346 /* Build configuration list for PBXProject "SlicingImage" */ = {
			isa = XCConfigurationList;
			buildConfigurations = (
				37E54F5A1F1A20CC0004C346 /* Debug */,
				37E54F5B1F1A20CC0004C346 /* Release */,
			);
			defaultConfigurationIsVisible = 0;
			defaultConfigurationName = Release;
		};
		37E54F5C1F1A20CC0004C346 /* Build configuration list for PBXNativeTarget "SlicingImage" */ = {
			isa = XCConfigurationList;
			buildConfigurations = (
				37E54F5D1F1A20CC0004C346 /* Debug */,
				37E54F5E1F1A20CC0004C346 /* Release */,
			);
			defaultConfigurationIsVisible = 0;
			defaultConfigurationName = Release;
		};
/* End XCConfigurationList section */
	};
	rootObject = 37E54F421F1A20CC0004C346 /* Project object */;
}
